
Microsoft Visual Studio Solution File, Format Version 12.00
# Visual Studio 14
VisualStudioVersion = 14.0.23107.0
MinimumVisualStudioVersion = 10.0.40219.1
Project("{FAE04EC0-301F-11D3-BF4B-00C04F79EFBC}") = "SatrackTeam.Cross.Droid", "SatrackTeam.Cross\SatrackTeam.Cross.Droid\SatrackTeam.Cross.Droid.csproj", "{42C10A9B-01EE-4A06-A676-BB80FE301DCD}"
EndProject
Project("{FAE04EC0-301F-11D3-BF4B-00C04F79EFBC}") = "SatrackTeam.Cross.iOS", "SatrackTeam.Cross\SatrackTeam.Cross.iOS\SatrackTeam.Cross.iOS.csproj", "{84B63230-7493-4B47-ABB6-77C974AD8894}"
EndProject
Project("{FAE04EC0-301F-11D3-BF4B-00C04F79EFBC}") = "SatrackTeam.Cross.WinPhone", "SatrackTeam.Cross\SatrackTeam.Cross.WinPhone\SatrackTeam.Cross.WinPhone.csproj", "{E7A77368-750A-4DA1-9F94-97E6ABDFBF9E}"
EndProject
Project("{FAE04EC0-301F-11D3-BF4B-00C04F79EFBC}") = "SatrackTeam.Cross", "SatrackTeam.Cross\SatrackTeam.Cross\SatrackTeam.Cross.csproj", "{ADDC3869-3ABE-4024-866F-43C7F1E37AB8}"
EndProject
Project("{2150E333-8FDC-42A3-9474-1A3956D46DE8}") = "Platforms", "Platforms", "{8D040985-326B-4D6D-8C5F-3F3700C9010E}"
EndProject
Project("{2150E333-8FDC-42A3-9474-1A3956D46DE8}") = "UI", "UI", "{00A06250-A9C3-48A1-84B0-72B49B0912D6}"
EndProject
Project("{2150E333-8FDC-42A3-9474-1A3956D46DE8}") = "Logic", "Logic", "{275AA63D-5C99-4228-923B-7BBBE512BB0B}"
EndProject
Project("{FAE04EC0-301F-11D3-BF4B-00C04F79EFBC}") = "SatrackTeam.Logic", "SatrackTeam.Logic\SatrackTeam.Logic.csproj", "{E4E7B3D2-2DFA-4E27-B4BB-FADC3D0A9D19}"
EndProject
Project("{FAE04EC0-301F-11D3-BF4B-00C04F79EFBC}") = "SatrackTeam.Infrastructure", "SatrackTeam.Infrastructure\SatrackTeam.Infrastructure.csproj", "{5ACBBAFD-193B-479E-ABFD-3E5B096D456F}"
EndProject
Project("{2150E333-8FDC-42A3-9474-1A3956D46DE8}") = "Domain", "Domain", "{DAFAE370-D380-449F-B90D-75319B913C4A}"
EndProject
Project("{FAE04EC0-301F-11D3-BF4B-00C04F79EFBC}") = "SatrackTeam.Domain", "SatrackTeam.Domain\SatrackTeam.Domain.csproj", "{4EA8E59E-97D2-45F7-8DBB-DB6AEF1EFA1F}"
EndProject
Global
	GlobalSection(SolutionConfigurationPlatforms) = preSolution
		Ad-Hoc|Any CPU = Ad-Hoc|Any CPU
		Ad-Hoc|ARM = Ad-Hoc|ARM
		Ad-Hoc|iPhone = Ad-Hoc|iPhone
		Ad-Hoc|iPhoneSimulator = Ad-Hoc|iPhoneSimulator
		Ad-Hoc|x64 = Ad-Hoc|x64
		Ad-Hoc|x86 = Ad-Hoc|x86
		AppStore|Any CPU = AppStore|Any CPU
		AppStore|ARM = AppStore|ARM
		AppStore|iPhone = AppStore|iPhone
		AppStore|iPhoneSimulator = AppStore|iPhoneSimulator
		AppStore|x64 = AppStore|x64
		AppStore|x86 = AppStore|x86
		Debug|Any CPU = Debug|Any CPU
		Debug|ARM = Debug|ARM
		Debug|iPhone = Debug|iPhone
		Debug|iPhoneSimulator = Debug|iPhoneSimulator
		Debug|x64 = Debug|x64
		Debug|x86 = Debug|x86
		Release|Any CPU = Release|Any CPU
		Release|ARM = Release|ARM
		Release|iPhone = Release|iPhone
		Release|iPhoneSimulator = Release|iPhoneSimulator
		Release|x64 = Release|x64
		Release|x86 = Release|x86
	EndGlobalSection
	GlobalSection(ProjectConfigurationPlatforms) = postSolution
		{42C10A9B-01EE-4A06-A676-BB80FE301DCD}.Ad-Hoc|Any CPU.ActiveCfg = Release|Any CPU
		{42C10A9B-01EE-4A06-A676-BB80FE301DCD}.Ad-Hoc|Any CPU.Build.0 = Release|Any CPU
		{42C10A9B-01EE-4A06-A676-BB80FE301DCD}.Ad-Hoc|Any CPU.Deploy.0 = Release|Any CPU
		{42C10A9B-01EE-4A06-A676-BB80FE301DCD}.Ad-Hoc|ARM.ActiveCfg = Release|Any CPU
		{42C10A9B-01EE-4A06-A676-BB80FE301DCD}.Ad-Hoc|ARM.Build.0 = Release|Any CPU
		{42C10A9B-01EE-4A06-A676-BB80FE301DCD}.Ad-Hoc|ARM.Deploy.0 = Release|Any CPU
		{42C10A9B-01EE-4A06-A676-BB80FE301DCD}.Ad-Hoc|iPhone.ActiveCfg = Release|Any CPU
		{42C10A9B-01EE-4A06-A676-BB80FE301DCD}.Ad-Hoc|iPhone.Build.0 = Release|Any CPU
		{42C10A9B-01EE-4A06-A676-BB80FE301DCD}.Ad-Hoc|iPhone.Deploy.0 = Release|Any CPU
		{42C10A9B-01EE-4A06-A676-BB80FE301DCD}.Ad-Hoc|iPhoneSimulator.ActiveCfg = Release|Any CPU
		{42C10A9B-01EE-4A06-A676-BB80FE301DCD}.Ad-Hoc|iPhoneSimulator.Build.0 = Release|Any CPU
		{42C10A9B-01EE-4A06-A676-BB80FE301DCD}.Ad-Hoc|iPhoneSimulator.Deploy.0 = Release|Any CPU
		{42C10A9B-01EE-4A06-A676-BB80FE301DCD}.Ad-Hoc|x64.ActiveCfg = Release|Any CPU
		{42C10A9B-01EE-4A06-A676-BB80FE301DCD}.Ad-Hoc|x64.Build.0 = Release|Any CPU
		{42C10A9B-01EE-4A06-A676-BB80FE301DCD}.Ad-Hoc|x64.Deploy.0 = Release|Any CPU
		{42C10A9B-01EE-4A06-A676-BB80FE301DCD}.Ad-Hoc|x86.ActiveCfg = Release|Any CPU
		{42C10A9B-01EE-4A06-A676-BB80FE301DCD}.Ad-Hoc|x86.Build.0 = Release|Any CPU
		{42C10A9B-01EE-4A06-A676-BB80FE301DCD}.Ad-Hoc|x86.Deploy.0 = Release|Any CPU
		{42C10A9B-01EE-4A06-A676-BB80FE301DCD}.AppStore|Any CPU.ActiveCfg = Release|Any CPU
		{42C10A9B-01EE-4A06-A676-BB80FE301DCD}.AppStore|Any CPU.Build.0 = Release|Any CPU
		{42C10A9B-01EE-4A06-A676-BB80FE301DCD}.AppStore|Any CPU.Deploy.0 = Release|Any CPU
		{42C10A9B-01EE-4A06-A676-BB80FE301DCD}.AppStore|ARM.ActiveCfg = Release|Any CPU
		{42C10A9B-01EE-4A06-A676-BB80FE301DCD}.AppStore|ARM.Build.0 = Release|Any CPU
		{42C10A9B-01EE-4A06-A676-BB80FE301DCD}.AppStore|ARM.Deploy.0 = Release|Any CPU
		{42C10A9B-01EE-4A06-A676-BB80FE301DCD}.AppStore|iPhone.ActiveCfg = Release|Any CPU
		{42C10A9B-01EE-4A06-A676-BB80FE301DCD}.AppStore|iPhone.Build.0 = Release|Any CPU
		{42C10A9B-01EE-4A06-A676-BB80FE301DCD}.AppStore|iPhone.Deploy.0 = Release|Any CPU
		{42C10A9B-01EE-4A06-A676-BB80FE301DCD}.AppStore|iPhoneSimulator.ActiveCfg = Release|Any CPU
		{42C10A9B-01EE-4A06-A676-BB80FE301DCD}.AppStore|iPhoneSimulator.Build.0 = Release|Any CPU
		{42C10A9B-01EE-4A06-A676-BB80FE301DCD}.AppStore|iPhoneSimulator.Deploy.0 = Release|Any CPU
		{42C10A9B-01EE-4A06-A676-BB80FE301DCD}.AppStore|x64.ActiveCfg = Release|Any CPU
		{42C10A9B-01EE-4A06-A676-BB80FE301DCD}.AppStore|x64.Build.0 = Release|Any CPU
		{42C10A9B-01EE-4A06-A676-BB80FE301DCD}.AppStore|x64.Deploy.0 = Release|Any CPU
		{42C10A9B-01EE-4A06-A676-BB80FE301DCD}.AppStore|x86.ActiveCfg = Release|Any CPU
		{42C10A9B-01EE-4A06-A676-BB80FE301DCD}.AppStore|x86.Build.0 = Release|Any CPU
		{42C10A9B-01EE-4A06-A676-BB80FE301DCD}.AppStore|x86.Deploy.0 = Release|Any CPU
		{42C10A9B-01EE-4A06-A676-BB80FE301DCD}.Debug|Any CPU.ActiveCfg = Debug|Any CPU
		{42C10A9B-01EE-4A06-A676-BB80FE301DCD}.Debug|Any CPU.Build.0 = Debug|Any CPU
		{42C10A9B-01EE-4A06-A676-BB80FE301DCD}.Debug|Any CPU.Deploy.0 = Debug|Any CPU
		{42C10A9B-01EE-4A06-A676-BB80FE301DCD}.Debug|ARM.ActiveCfg = Debug|Any CPU
		{42C10A9B-01EE-4A06-A676-BB80FE301DCD}.Debug|ARM.Build.0 = Debug|Any CPU
		{42C10A9B-01EE-4A06-A676-BB80FE301DCD}.Debug|ARM.Deploy.0 = Debug|Any CPU
		{42C10A9B-01EE-4A06-A676-BB80FE301DCD}.Debug|iPhone.ActiveCfg = Debug|Any CPU
		{42C10A9B-01EE-4A06-A676-BB80FE301DCD}.Debug|iPhone.Build.0 = Debug|Any CPU
		{42C10A9B-01EE-4A06-A676-BB80FE301DCD}.Debug|iPhone.Deploy.0 = Debug|Any CPU
		{42C10A9B-01EE-4A06-A676-BB80FE301DCD}.Debug|iPhoneSimulator.ActiveCfg = Debug|Any CPU
		{42C10A9B-01EE-4A06-A676-BB80FE301DCD}.Debug|iPhoneSimulator.Build.0 = Debug|Any CPU
		{42C10A9B-01EE-4A06-A676-BB80FE301DCD}.Debug|iPhoneSimulator.Deploy.0 = Debug|Any CPU
		{42C10A9B-01EE-4A06-A676-BB80FE301DCD}.Debug|x64.ActiveCfg = Debug|Any CPU
		{42C10A9B-01EE-4A06-A676-BB80FE301DCD}.Debug|x64.Build.0 = Debug|Any CPU
		{42C10A9B-01EE-4A06-A676-BB80FE301DCD}.Debug|x64.Deploy.0 = Debug|Any CPU
		{42C10A9B-01EE-4A06-A676-BB80FE301DCD}.Debug|x86.ActiveCfg = Debug|Any CPU
		{42C10A9B-01EE-4A06-A676-BB80FE301DCD}.Debug|x86.Build.0 = Debug|Any CPU
		{42C10A9B-01EE-4A06-A676-BB80FE301DCD}.Debug|x86.Deploy.0 = Debug|Any CPU
		{42C10A9B-01EE-4A06-A676-BB80FE301DCD}.Release|Any CPU.ActiveCfg = Release|Any CPU
		{42C10A9B-01EE-4A06-A676-BB80FE301DCD}.Release|Any CPU.Build.0 = Release|Any CPU
		{42C10A9B-01EE-4A06-A676-BB80FE301DCD}.Release|Any CPU.Deploy.0 = Release|Any CPU
		{42C10A9B-01EE-4A06-A676-BB80FE301DCD}.Release|ARM.ActiveCfg = Release|Any CPU
		{42C10A9B-01EE-4A06-A676-BB80FE301DCD}.Release|ARM.Build.0 = Release|Any CPU
		{42C10A9B-01EE-4A06-A676-BB80FE301DCD}.Release|ARM.Deploy.0 = Release|Any CPU
		{42C10A9B-01EE-4A06-A676-BB80FE301DCD}.Release|iPhone.ActiveCfg = Release|Any CPU
		{42C10A9B-01EE-4A06-A676-BB80FE301DCD}.Release|iPhone.Build.0 = Release|Any CPU
		{42C10A9B-01EE-4A06-A676-BB80FE301DCD}.Release|iPhone.Deploy.0 = Release|Any CPU
		{42C10A9B-01EE-4A06-A676-BB80FE301DCD}.Release|iPhoneSimulator.ActiveCfg = Release|Any CPU
		{42C10A9B-01EE-4A06-A676-BB80FE301DCD}.Release|iPhoneSimulator.Build.0 = Release|Any CPU
		{42C10A9B-01EE-4A06-A676-BB80FE301DCD}.Release|iPhoneSimulator.Deploy.0 = Release|Any CPU
		{42C10A9B-01EE-4A06-A676-BB80FE301DCD}.Release|x64.ActiveCfg = Release|Any CPU
		{42C10A9B-01EE-4A06-A676-BB80FE301DCD}.Release|x64.Build.0 = Release|Any CPU
		{42C10A9B-01EE-4A06-A676-BB80FE301DCD}.Release|x64.Deploy.0 = Release|Any CPU
		{42C10A9B-01EE-4A06-A676-BB80FE301DCD}.Release|x86.ActiveCfg = Release|Any CPU
		{42C10A9B-01EE-4A06-A676-BB80FE301DCD}.Release|x86.Build.0 = Release|Any CPU
		{42C10A9B-01EE-4A06-A676-BB80FE301DCD}.Release|x86.Deploy.0 = Release|Any CPU
		{84B63230-7493-4B47-ABB6-77C974AD8894}.Ad-Hoc|Any CPU.ActiveCfg = Ad-Hoc|iPhone
		{84B63230-7493-4B47-ABB6-77C974AD8894}.Ad-Hoc|ARM.ActiveCfg = Ad-Hoc|iPhone
		{84B63230-7493-4B47-ABB6-77C974AD8894}.Ad-Hoc|iPhone.ActiveCfg = Ad-Hoc|iPhone
		{84B63230-7493-4B47-ABB6-77C974AD8894}.Ad-Hoc|iPhone.Build.0 = Ad-Hoc|iPhone
		{84B63230-7493-4B47-ABB6-77C974AD8894}.Ad-Hoc|iPhoneSimulator.ActiveCfg = Ad-Hoc|iPhoneSimulator
		{84B63230-7493-4B47-ABB6-77C974AD8894}.Ad-Hoc|iPhoneSimulator.Build.0 = Ad-Hoc|iPhoneSimulator
		{84B63230-7493-4B47-ABB6-77C974AD8894}.Ad-Hoc|x64.ActiveCfg = Ad-Hoc|iPhone
		{84B63230-7493-4B47-ABB6-77C974AD8894}.Ad-Hoc|x86.ActiveCfg = Ad-Hoc|iPhone
		{84B63230-7493-4B47-ABB6-77C974AD8894}.AppStore|Any CPU.ActiveCfg = AppStore|iPhone
		{84B63230-7493-4B47-ABB6-77C974AD8894}.AppStore|ARM.ActiveCfg = AppStore|iPhone
		{84B63230-7493-4B47-ABB6-77C974AD8894}.AppStore|iPhone.ActiveCfg = AppStore|iPhone
		{84B63230-7493-4B47-ABB6-77C974AD8894}.AppStore|iPhone.Build.0 = AppStore|iPhone
		{84B63230-7493-4B47-ABB6-77C974AD8894}.AppStore|iPhoneSimulator.ActiveCfg = AppStore|iPhoneSimulator
		{84B63230-7493-4B47-ABB6-77C974AD8894}.AppStore|iPhoneSimulator.Build.0 = AppStore|iPhoneSimulator
		{84B63230-7493-4B47-ABB6-77C974AD8894}.AppStore|x64.ActiveCfg = AppStore|iPhone
		{84B63230-7493-4B47-ABB6-77C974AD8894}.AppStore|x86.ActiveCfg = AppStore|iPhone
		{84B63230-7493-4B47-ABB6-77C974AD8894}.Debug|Any CPU.ActiveCfg = Debug|iPhone
		{84B63230-7493-4B47-ABB6-77C974AD8894}.Debug|ARM.ActiveCfg = Debug|iPhone
		{84B63230-7493-4B47-ABB6-77C974AD8894}.Debug|iPhone.ActiveCfg = Debug|iPhone
		{84B63230-7493-4B47-ABB6-77C974AD8894}.Debug|iPhone.Build.0 = Debug|iPhone
		{84B63230-7493-4B47-ABB6-77C974AD8894}.Debug|iPhoneSimulator.ActiveCfg = Debug|iPhoneSimulator
		{84B63230-7493-4B47-ABB6-77C974AD8894}.Debug|iPhoneSimulator.Build.0 = Debug|iPhoneSimulator
		{84B63230-7493-4B47-ABB6-77C974AD8894}.Debug|x64.ActiveCfg = Debug|iPhone
		{84B63230-7493-4B47-ABB6-77C974AD8894}.Debug|x86.ActiveCfg = Debug|iPhone
		{84B63230-7493-4B47-ABB6-77C974AD8894}.Release|Any CPU.ActiveCfg = Release|iPhone
		{84B63230-7493-4B47-ABB6-77C974AD8894}.Release|ARM.ActiveCfg = Release|iPhone
		{84B63230-7493-4B47-ABB6-77C974AD8894}.Release|iPhone.ActiveCfg = Release|iPhone
		{84B63230-7493-4B47-ABB6-77C974AD8894}.Release|iPhone.Build.0 = Release|iPhone
		{84B63230-7493-4B47-ABB6-77C974AD8894}.Release|iPhoneSimulator.ActiveCfg = Release|iPhoneSimulator
		{84B63230-7493-4B47-ABB6-77C974AD8894}.Release|iPhoneSimulator.Build.0 = Release|iPhoneSimulator
		{84B63230-7493-4B47-ABB6-77C974AD8894}.Release|x64.ActiveCfg = Release|iPhone
		{84B63230-7493-4B47-ABB6-77C974AD8894}.Release|x86.ActiveCfg = Release|iPhone
		{E7A77368-750A-4DA1-9F94-97E6ABDFBF9E}.Ad-Hoc|Any CPU.ActiveCfg = Release|Any CPU
		{E7A77368-750A-4DA1-9F94-97E6ABDFBF9E}.Ad-Hoc|Any CPU.Build.0 = Release|Any CPU
		{E7A77368-750A-4DA1-9F94-97E6ABDFBF9E}.Ad-Hoc|Any CPU.Deploy.0 = Release|Any CPU
		{E7A77368-750A-4DA1-9F94-97E6ABDFBF9E}.Ad-Hoc|ARM.ActiveCfg = Release|ARM
		{E7A77368-750A-4DA1-9F94-97E6ABDFBF9E}.Ad-Hoc|ARM.Build.0 = Release|ARM
		{E7A77368-750A-4DA1-9F94-97E6ABDFBF9E}.Ad-Hoc|ARM.Deploy.0 = Release|ARM
		{E7A77368-750A-4DA1-9F94-97E6ABDFBF9E}.Ad-Hoc|iPhone.ActiveCfg = Release|Any CPU
		{E7A77368-750A-4DA1-9F94-97E6ABDFBF9E}.Ad-Hoc|iPhone.Build.0 = Release|Any CPU
		{E7A77368-750A-4DA1-9F94-97E6ABDFBF9E}.Ad-Hoc|iPhone.Deploy.0 = Release|Any CPU
		{E7A77368-750A-4DA1-9F94-97E6ABDFBF9E}.Ad-Hoc|iPhoneSimulator.ActiveCfg = Release|Any CPU
		{E7A77368-750A-4DA1-9F94-97E6ABDFBF9E}.Ad-Hoc|iPhoneSimulator.Build.0 = Release|Any CPU
		{E7A77368-750A-4DA1-9F94-97E6ABDFBF9E}.Ad-Hoc|iPhoneSimulator.Deploy.0 = Release|Any CPU
		{E7A77368-750A-4DA1-9F94-97E6ABDFBF9E}.Ad-Hoc|x64.ActiveCfg = Release|Any CPU
		{E7A77368-750A-4DA1-9F94-97E6ABDFBF9E}.Ad-Hoc|x64.Build.0 = Release|Any CPU
		{E7A77368-750A-4DA1-9F94-97E6ABDFBF9E}.Ad-Hoc|x64.Deploy.0 = Release|Any CPU
		{E7A77368-750A-4DA1-9F94-97E6ABDFBF9E}.Ad-Hoc|x86.ActiveCfg = Release|x86
		{E7A77368-750A-4DA1-9F94-97E6ABDFBF9E}.Ad-Hoc|x86.Build.0 = Release|x86
		{E7A77368-750A-4DA1-9F94-97E6ABDFBF9E}.Ad-Hoc|x86.Deploy.0 = Release|x86
		{E7A77368-750A-4DA1-9F94-97E6ABDFBF9E}.AppStore|Any CPU.ActiveCfg = Release|Any CPU
		{E7A77368-750A-4DA1-9F94-97E6ABDFBF9E}.AppStore|Any CPU.Build.0 = Release|Any CPU
		{E7A77368-750A-4DA1-9F94-97E6ABDFBF9E}.AppStore|Any CPU.Deploy.0 = Release|Any CPU
		{E7A77368-750A-4DA1-9F94-97E6ABDFBF9E}.AppStore|ARM.ActiveCfg = Release|ARM
		{E7A77368-750A-4DA1-9F94-97E6ABDFBF9E}.AppStore|ARM.Build.0 = Release|ARM
		{E7A77368-750A-4DA1-9F94-97E6ABDFBF9E}.AppStore|ARM.Deploy.0 = Release|ARM
		{E7A77368-750A-4DA1-9F94-97E6ABDFBF9E}.AppStore|iPhone.ActiveCfg = Release|Any CPU
		{E7A77368-750A-4DA1-9F94-97E6ABDFBF9E}.AppStore|iPhone.Build.0 = Release|Any CPU
		{E7A77368-750A-4DA1-9F94-97E6ABDFBF9E}.AppStore|iPhone.Deploy.0 = Release|Any CPU
		{E7A77368-750A-4DA1-9F94-97E6ABDFBF9E}.AppStore|iPhoneSimulator.ActiveCfg = Release|Any CPU
		{E7A77368-750A-4DA1-9F94-97E6ABDFBF9E}.AppStore|iPhoneSimulator.Build.0 = Release|Any CPU
		{E7A77368-750A-4DA1-9F94-97E6ABDFBF9E}.AppStore|iPhoneSimulator.Deploy.0 = Release|Any CPU
		{E7A77368-750A-4DA1-9F94-97E6ABDFBF9E}.AppStore|x64.ActiveCfg = Release|Any CPU
		{E7A77368-750A-4DA1-9F94-97E6ABDFBF9E}.AppStore|x64.Build.0 = Release|Any CPU
		{E7A77368-750A-4DA1-9F94-97E6ABDFBF9E}.AppStore|x64.Deploy.0 = Release|Any CPU
		{E7A77368-750A-4DA1-9F94-97E6ABDFBF9E}.AppStore|x86.ActiveCfg = Release|x86
		{E7A77368-750A-4DA1-9F94-97E6ABDFBF9E}.AppStore|x86.Build.0 = Release|x86
		{E7A77368-750A-4DA1-9F94-97E6ABDFBF9E}.AppStore|x86.Deploy.0 = Release|x86
		{E7A77368-750A-4DA1-9F94-97E6ABDFBF9E}.Debug|Any CPU.ActiveCfg = Debug|Any CPU
		{E7A77368-750A-4DA1-9F94-97E6ABDFBF9E}.Debug|Any CPU.Build.0 = Debug|Any CPU
		{E7A77368-750A-4DA1-9F94-97E6ABDFBF9E}.Debug|Any CPU.Deploy.0 = Debug|Any CPU
		{E7A77368-750A-4DA1-9F94-97E6ABDFBF9E}.Debug|ARM.ActiveCfg = Debug|ARM
		{E7A77368-750A-4DA1-9F94-97E6ABDFBF9E}.Debug|ARM.Build.0 = Debug|ARM
		{E7A77368-750A-4DA1-9F94-97E6ABDFBF9E}.Debug|ARM.Deploy.0 = Debug|ARM
		{E7A77368-750A-4DA1-9F94-97E6ABDFBF9E}.Debug|iPhone.ActiveCfg = Debug|Any CPU
		{E7A77368-750A-4DA1-9F94-97E6ABDFBF9E}.Debug|iPhone.Build.0 = Debug|Any CPU
		{E7A77368-750A-4DA1-9F94-97E6ABDFBF9E}.Debug|iPhone.Deploy.0 = Debug|Any CPU
		{E7A77368-750A-4DA1-9F94-97E6ABDFBF9E}.Debug|iPhoneSimulator.ActiveCfg = Debug|Any CPU
		{E7A77368-750A-4DA1-9F94-97E6ABDFBF9E}.Debug|iPhoneSimulator.Build.0 = Debug|Any CPU
		{E7A77368-750A-4DA1-9F94-97E6ABDFBF9E}.Debug|iPhoneSimulator.Deploy.0 = Debug|Any CPU
		{E7A77368-750A-4DA1-9F94-97E6ABDFBF9E}.Debug|x64.ActiveCfg = Debug|Any CPU
		{E7A77368-750A-4DA1-9F94-97E6ABDFBF9E}.Debug|x64.Build.0 = Debug|Any CPU
		{E7A77368-750A-4DA1-9F94-97E6ABDFBF9E}.Debug|x64.Deploy.0 = Debug|Any CPU
		{E7A77368-750A-4DA1-9F94-97E6ABDFBF9E}.Debug|x86.ActiveCfg = Debug|x86
		{E7A77368-750A-4DA1-9F94-97E6ABDFBF9E}.Debug|x86.Build.0 = Debug|x86
		{E7A77368-750A-4DA1-9F94-97E6ABDFBF9E}.Debug|x86.Deploy.0 = Debug|x86
		{E7A77368-750A-4DA1-9F94-97E6ABDFBF9E}.Release|Any CPU.ActiveCfg = Release|Any CPU
		{E7A77368-750A-4DA1-9F94-97E6ABDFBF9E}.Release|Any CPU.Build.0 = Release|Any CPU
		{E7A77368-750A-4DA1-9F94-97E6ABDFBF9E}.Release|Any CPU.Deploy.0 = Release|Any CPU
		{E7A77368-750A-4DA1-9F94-97E6ABDFBF9E}.Release|ARM.ActiveCfg = Release|ARM
		{E7A77368-750A-4DA1-9F94-97E6ABDFBF9E}.Release|ARM.Build.0 = Release|ARM
		{E7A77368-750A-4DA1-9F94-97E6ABDFBF9E}.Release|ARM.Deploy.0 = Release|ARM
		{E7A77368-750A-4DA1-9F94-97E6ABDFBF9E}.Release|iPhone.ActiveCfg = Release|Any CPU
		{E7A77368-750A-4DA1-9F94-97E6ABDFBF9E}.Release|iPhone.Build.0 = Release|Any CPU
		{E7A77368-750A-4DA1-9F94-97E6ABDFBF9E}.Release|iPhone.Deploy.0 = Release|Any CPU
		{E7A77368-750A-4DA1-9F94-97E6ABDFBF9E}.Release|iPhoneSimulator.ActiveCfg = Release|Any CPU
		{E7A77368-750A-4DA1-9F94-97E6ABDFBF9E}.Release|iPhoneSimulator.Build.0 = Release|Any CPU
		{E7A77368-750A-4DA1-9F94-97E6ABDFBF9E}.Release|iPhoneSimulator.Deploy.0 = Release|Any CPU
		{E7A77368-750A-4DA1-9F94-97E6ABDFBF9E}.Release|x64.ActiveCfg = Release|Any CPU
		{E7A77368-750A-4DA1-9F94-97E6ABDFBF9E}.Release|x64.Build.0 = Release|Any CPU
		{E7A77368-750A-4DA1-9F94-97E6ABDFBF9E}.Release|x64.Deploy.0 = Release|Any CPU
		{E7A77368-750A-4DA1-9F94-97E6ABDFBF9E}.Release|x86.ActiveCfg = Release|x86
		{E7A77368-750A-4DA1-9F94-97E6ABDFBF9E}.Release|x86.Build.0 = Release|x86
		{E7A77368-750A-4DA1-9F94-97E6ABDFBF9E}.Release|x86.Deploy.0 = Release|x86
		{ADDC3869-3ABE-4024-866F-43C7F1E37AB8}.Ad-Hoc|Any CPU.ActiveCfg = Release|Any CPU
		{ADDC3869-3ABE-4024-866F-43C7F1E37AB8}.Ad-Hoc|Any CPU.Build.0 = Release|Any CPU
		{ADDC3869-3ABE-4024-866F-43C7F1E37AB8}.Ad-Hoc|ARM.ActiveCfg = Release|Any CPU
		{ADDC3869-3ABE-4024-866F-43C7F1E37AB8}.Ad-Hoc|ARM.Build.0 = Release|Any CPU
		{ADDC3869-3ABE-4024-866F-43C7F1E37AB8}.Ad-Hoc|iPhone.ActiveCfg = Release|Any CPU
		{ADDC3869-3ABE-4024-866F-43C7F1E37AB8}.Ad-Hoc|iPhone.Build.0 = Release|Any CPU
		{ADDC3869-3ABE-4024-866F-43C7F1E37AB8}.Ad-Hoc|iPhoneSimulator.ActiveCfg = Release|Any CPU
		{ADDC3869-3ABE-4024-866F-43C7F1E37AB8}.Ad-Hoc|iPhoneSimulator.Build.0 = Release|Any CPU
		{ADDC3869-3ABE-4024-866F-43C7F1E37AB8}.Ad-Hoc|x64.ActiveCfg = Release|Any CPU
		{ADDC3869-3ABE-4024-866F-43C7F1E37AB8}.Ad-Hoc|x64.Build.0 = Release|Any CPU
		{ADDC3869-3ABE-4024-866F-43C7F1E37AB8}.Ad-Hoc|x86.ActiveCfg = Release|Any CPU
		{ADDC3869-3ABE-4024-866F-43C7F1E37AB8}.Ad-Hoc|x86.Build.0 = Release|Any CPU
		{ADDC3869-3ABE-4024-866F-43C7F1E37AB8}.AppStore|Any CPU.ActiveCfg = Release|Any CPU
		{ADDC3869-3ABE-4024-866F-43C7F1E37AB8}.AppStore|Any CPU.Build.0 = Release|Any CPU
		{ADDC3869-3ABE-4024-866F-43C7F1E37AB8}.AppStore|ARM.ActiveCfg = Release|Any CPU
		{ADDC3869-3ABE-4024-866F-43C7F1E37AB8}.AppStore|ARM.Build.0 = Release|Any CPU
		{ADDC3869-3ABE-4024-866F-43C7F1E37AB8}.AppStore|iPhone.ActiveCfg = Release|Any CPU
		{ADDC3869-3ABE-4024-866F-43C7F1E37AB8}.AppStore|iPhone.Build.0 = Release|Any CPU
		{ADDC3869-3ABE-4024-866F-43C7F1E37AB8}.AppStore|iPhoneSimulator.ActiveCfg = Release|Any CPU
		{ADDC3869-3ABE-4024-866F-43C7F1E37AB8}.AppStore|iPhoneSimulator.Build.0 = Release|Any CPU
		{ADDC3869-3ABE-4024-866F-43C7F1E37AB8}.AppStore|x64.ActiveCfg = Release|Any CPU
		{ADDC3869-3ABE-4024-866F-43C7F1E37AB8}.AppStore|x64.Build.0 = Release|Any CPU
		{ADDC3869-3ABE-4024-866F-43C7F1E37AB8}.AppStore|x86.ActiveCfg = Release|Any CPU
		{ADDC3869-3ABE-4024-866F-43C7F1E37AB8}.AppStore|x86.Build.0 = Release|Any CPU
		{ADDC3869-3ABE-4024-866F-43C7F1E37AB8}.Debug|Any CPU.ActiveCfg = Debug|Any CPU
		{ADDC3869-3ABE-4024-866F-43C7F1E37AB8}.Debug|Any CPU.Build.0 = Debug|Any CPU
		{ADDC3869-3ABE-4024-866F-43C7F1E37AB8}.Debug|ARM.ActiveCfg = Debug|Any CPU
		{ADDC3869-3ABE-4024-866F-43C7F1E37AB8}.Debug|ARM.Build.0 = Debug|Any CPU
		{ADDC3869-3ABE-4024-866F-43C7F1E37AB8}.Debug|iPhone.ActiveCfg = Debug|Any CPU
		{ADDC3869-3ABE-4024-866F-43C7F1E37AB8}.Debug|iPhone.Build.0 = Debug|Any CPU
		{ADDC3869-3ABE-4024-866F-43C7F1E37AB8}.Debug|iPhoneSimulator.ActiveCfg = Debug|Any CPU
		{ADDC3869-3ABE-4024-866F-43C7F1E37AB8}.Debug|iPhoneSimulator.Build.0 = Debug|Any CPU
		{ADDC3869-3ABE-4024-866F-43C7F1E37AB8}.Debug|x64.ActiveCfg = Debug|Any CPU
		{ADDC3869-3ABE-4024-866F-43C7F1E37AB8}.Debug|x64.Build.0 = Debug|Any CPU
		{ADDC3869-3ABE-4024-866F-43C7F1E37AB8}.Debug|x86.ActiveCfg = Debug|Any CPU
		{ADDC3869-3ABE-4024-866F-43C7F1E37AB8}.Debug|x86.Build.0 = Debug|Any CPU
		{ADDC3869-3ABE-4024-866F-43C7F1E37AB8}.Release|Any CPU.ActiveCfg = Release|Any CPU
		{ADDC3869-3ABE-4024-866F-43C7F1E37AB8}.Release|Any CPU.Build.0 = Release|Any CPU
		{ADDC3869-3ABE-4024-866F-43C7F1E37AB8}.Release|ARM.ActiveCfg = Release|Any CPU
		{ADDC3869-3ABE-4024-866F-43C7F1E37AB8}.Release|ARM.Build.0 = Release|Any CPU
		{ADDC3869-3ABE-4024-866F-43C7F1E37AB8}.Release|iPhone.ActiveCfg = Release|Any CPU
		{ADDC3869-3ABE-4024-866F-43C7F1E37AB8}.Release|iPhone.Build.0 = Release|Any CPU
		{ADDC3869-3ABE-4024-866F-43C7F1E37AB8}.Release|iPhoneSimulator.ActiveCfg = Release|Any CPU
		{ADDC3869-3ABE-4024-866F-43C7F1E37AB8}.Release|iPhoneSimulator.Build.0 = Release|Any CPU
		{ADDC3869-3ABE-4024-866F-43C7F1E37AB8}.Release|x64.ActiveCfg = Release|Any CPU
		{ADDC3869-3ABE-4024-866F-43C7F1E37AB8}.Release|x64.Build.0 = Release|Any CPU
		{ADDC3869-3ABE-4024-866F-43C7F1E37AB8}.Release|x86.ActiveCfg = Release|Any CPU
		{ADDC3869-3ABE-4024-866F-43C7F1E37AB8}.Release|x86.Build.0 = Release|Any CPU
		{E4E7B3D2-2DFA-4E27-B4BB-FADC3D0A9D19}.Ad-Hoc|Any CPU.ActiveCfg = Release|Any CPU
		{E4E7B3D2-2DFA-4E27-B4BB-FADC3D0A9D19}.Ad-Hoc|Any CPU.Build.0 = Release|Any CPU
		{E4E7B3D2-2DFA-4E27-B4BB-FADC3D0A9D19}.Ad-Hoc|ARM.ActiveCfg = Release|Any CPU
		{E4E7B3D2-2DFA-4E27-B4BB-FADC3D0A9D19}.Ad-Hoc|ARM.Build.0 = Release|Any CPU
		{E4E7B3D2-2DFA-4E27-B4BB-FADC3D0A9D19}.Ad-Hoc|iPhone.ActiveCfg = Release|Any CPU
		{E4E7B3D2-2DFA-4E27-B4BB-FADC3D0A9D19}.Ad-Hoc|iPhone.Build.0 = Release|Any CPU
		{E4E7B3D2-2DFA-4E27-B4BB-FADC3D0A9D19}.Ad-Hoc|iPhoneSimulator.ActiveCfg = Release|Any CPU
		{E4E7B3D2-2DFA-4E27-B4BB-FADC3D0A9D19}.Ad-Hoc|iPhoneSimulator.Build.0 = Release|Any CPU
		{E4E7B3D2-2DFA-4E27-B4BB-FADC3D0A9D19}.Ad-Hoc|x64.ActiveCfg = Release|Any CPU
		{E4E7B3D2-2DFA-4E27-B4BB-FADC3D0A9D19}.Ad-Hoc|x64.Build.0 = Release|Any CPU
		{E4E7B3D2-2DFA-4E27-B4BB-FADC3D0A9D19}.Ad-Hoc|x86.ActiveCfg = Release|Any CPU
		{E4E7B3D2-2DFA-4E27-B4BB-FADC3D0A9D19}.Ad-Hoc|x86.Build.0 = Release|Any CPU
		{E4E7B3D2-2DFA-4E27-B4BB-FADC3D0A9D19}.AppStore|Any CPU.ActiveCfg = Release|Any CPU
		{E4E7B3D2-2DFA-4E27-B4BB-FADC3D0A9D19}.AppStore|Any CPU.Build.0 = Release|Any CPU
		{E4E7B3D2-2DFA-4E27-B4BB-FADC3D0A9D19}.AppStore|ARM.ActiveCfg = Release|Any CPU
		{E4E7B3D2-2DFA-4E27-B4BB-FADC3D0A9D19}.AppStore|ARM.Build.0 = Release|Any CPU
		{E4E7B3D2-2DFA-4E27-B4BB-FADC3D0A9D19}.AppStore|iPhone.ActiveCfg = Release|Any CPU
		{E4E7B3D2-2DFA-4E27-B4BB-FADC3D0A9D19}.AppStore|iPhone.Build.0 = Release|Any CPU
		{E4E7B3D2-2DFA-4E27-B4BB-FADC3D0A9D19}.AppStore|iPhoneSimulator.ActiveCfg = Release|Any CPU
		{E4E7B3D2-2DFA-4E27-B4BB-FADC3D0A9D19}.AppStore|iPhoneSimulator.Build.0 = Release|Any CPU
		{E4E7B3D2-2DFA-4E27-B4BB-FADC3D0A9D19}.AppStore|x64.ActiveCfg = Release|Any CPU
		{E4E7B3D2-2DFA-4E27-B4BB-FADC3D0A9D19}.AppStore|x64.Build.0 = Release|Any CPU
		{E4E7B3D2-2DFA-4E27-B4BB-FADC3D0A9D19}.AppStore|x86.ActiveCfg = Release|Any CPU
		{E4E7B3D2-2DFA-4E27-B4BB-FADC3D0A9D19}.AppStore|x86.Build.0 = Release|Any CPU
		{E4E7B3D2-2DFA-4E27-B4BB-FADC3D0A9D19}.Debug|Any CPU.ActiveCfg = Debug|Any CPU
		{E4E7B3D2-2DFA-4E27-B4BB-FADC3D0A9D19}.Debug|Any CPU.Build.0 = Debug|Any CPU
		{E4E7B3D2-2DFA-4E27-B4BB-FADC3D0A9D19}.Debug|ARM.ActiveCfg = Debug|Any CPU
		{E4E7B3D2-2DFA-4E27-B4BB-FADC3D0A9D19}.Debug|ARM.Build.0 = Debug|Any CPU
		{E4E7B3D2-2DFA-4E27-B4BB-FADC3D0A9D19}.Debug|iPhone.ActiveCfg = Debug|Any CPU
		{E4E7B3D2-2DFA-4E27-B4BB-FADC3D0A9D19}.Debug|iPhone.Build.0 = Debug|Any CPU
		{E4E7B3D2-2DFA-4E27-B4BB-FADC3D0A9D19}.Debug|iPhoneSimulator.ActiveCfg = Debug|Any CPU
		{E4E7B3D2-2DFA-4E27-B4BB-FADC3D0A9D19}.Debug|iPhoneSimulator.Build.0 = Debug|Any CPU
		{E4E7B3D2-2DFA-4E27-B4BB-FADC3D0A9D19}.Debug|x64.ActiveCfg = Debug|Any CPU
		{E4E7B3D2-2DFA-4E27-B4BB-FADC3D0A9D19}.Debug|x64.Build.0 = Debug|Any CPU
		{E4E7B3D2-2DFA-4E27-B4BB-FADC3D0A9D19}.Debug|x86.ActiveCfg = Debug|Any CPU
		{E4E7B3D2-2DFA-4E27-B4BB-FADC3D0A9D19}.Debug|x86.Build.0 = Debug|Any CPU
		{E4E7B3D2-2DFA-4E27-B4BB-FADC3D0A9D19}.Release|Any CPU.ActiveCfg = Release|Any CPU
		{E4E7B3D2-2DFA-4E27-B4BB-FADC3D0A9D19}.Release|Any CPU.Build.0 = Release|Any CPU
		{E4E7B3D2-2DFA-4E27-B4BB-FADC3D0A9D19}.Release|ARM.ActiveCfg = Release|Any CPU
		{E4E7B3D2-2DFA-4E27-B4BB-FADC3D0A9D19}.Release|ARM.Build.0 = Release|Any CPU
		{E4E7B3D2-2DFA-4E27-B4BB-FADC3D0A9D19}.Release|iPhone.ActiveCfg = Release|Any CPU
		{E4E7B3D2-2DFA-4E27-B4BB-FADC3D0A9D19}.Release|iPhone.Build.0 = Release|Any CPU
		{E4E7B3D2-2DFA-4E27-B4BB-FADC3D0A9D19}.Release|iPhoneSimulator.ActiveCfg = Release|Any CPU
		{E4E7B3D2-2DFA-4E27-B4BB-FADC3D0A9D19}.Release|iPhoneSimulator.Build.0 = Release|Any CPU
		{E4E7B3D2-2DFA-4E27-B4BB-FADC3D0A9D19}.Release|x64.ActiveCfg = Release|Any CPU
		{E4E7B3D2-2DFA-4E27-B4BB-FADC3D0A9D19}.Release|x64.Build.0 = Release|Any CPU
		{E4E7B3D2-2DFA-4E27-B4BB-FADC3D0A9D19}.Release|x86.ActiveCfg = Release|Any CPU
		{E4E7B3D2-2DFA-4E27-B4BB-FADC3D0A9D19}.Release|x86.Build.0 = Release|Any CPU
		{5ACBBAFD-193B-479E-ABFD-3E5B096D456F}.Ad-Hoc|Any CPU.ActiveCfg = Release|Any CPU
		{5ACBBAFD-193B-479E-ABFD-3E5B096D456F}.Ad-Hoc|Any CPU.Build.0 = Release|Any CPU
		{5ACBBAFD-193B-479E-ABFD-3E5B096D456F}.Ad-Hoc|ARM.ActiveCfg = Release|Any CPU
		{5ACBBAFD-193B-479E-ABFD-3E5B096D456F}.Ad-Hoc|ARM.Build.0 = Release|Any CPU
		{5ACBBAFD-193B-479E-ABFD-3E5B096D456F}.Ad-Hoc|iPhone.ActiveCfg = Release|Any CPU
		{5ACBBAFD-193B-479E-ABFD-3E5B096D456F}.Ad-Hoc|iPhone.Build.0 = Release|Any CPU
		{5ACBBAFD-193B-479E-ABFD-3E5B096D456F}.Ad-Hoc|iPhoneSimulator.ActiveCfg = Release|Any CPU
		{5ACBBAFD-193B-479E-ABFD-3E5B096D456F}.Ad-Hoc|iPhoneSimulator.Build.0 = Release|Any CPU
		{5ACBBAFD-193B-479E-ABFD-3E5B096D456F}.Ad-Hoc|x64.ActiveCfg = Release|Any CPU
		{5ACBBAFD-193B-479E-ABFD-3E5B096D456F}.Ad-Hoc|x64.Build.0 = Release|Any CPU
		{5ACBBAFD-193B-479E-ABFD-3E5B096D456F}.Ad-Hoc|x86.ActiveCfg = Release|Any CPU
		{5ACBBAFD-193B-479E-ABFD-3E5B096D456F}.Ad-Hoc|x86.Build.0 = Release|Any CPU
		{5ACBBAFD-193B-479E-ABFD-3E5B096D456F}.AppStore|Any CPU.ActiveCfg = Release|Any CPU
		{5ACBBAFD-193B-479E-ABFD-3E5B096D456F}.AppStore|Any CPU.Build.0 = Release|Any CPU
		{5ACBBAFD-193B-479E-ABFD-3E5B096D456F}.AppStore|ARM.ActiveCfg = Release|Any CPU
		{5ACBBAFD-193B-479E-ABFD-3E5B096D456F}.AppStore|ARM.Build.0 = Release|Any CPU
		{5ACBBAFD-193B-479E-ABFD-3E5B096D456F}.AppStore|iPhone.ActiveCfg = Release|Any CPU
		{5ACBBAFD-193B-479E-ABFD-3E5B096D456F}.AppStore|iPhone.Build.0 = Release|Any CPU
		{5ACBBAFD-193B-479E-ABFD-3E5B096D456F}.AppStore|iPhoneSimulator.ActiveCfg = Release|Any CPU
		{5ACBBAFD-193B-479E-ABFD-3E5B096D456F}.AppStore|iPhoneSimulator.Build.0 = Release|Any CPU
		{5ACBBAFD-193B-479E-ABFD-3E5B096D456F}.AppStore|x64.ActiveCfg = Release|Any CPU
		{5ACBBAFD-193B-479E-ABFD-3E5B096D456F}.AppStore|x64.Build.0 = Release|Any CPU
		{5ACBBAFD-193B-479E-ABFD-3E5B096D456F}.AppStore|x86.ActiveCfg = Release|Any CPU
		{5ACBBAFD-193B-479E-ABFD-3E5B096D456F}.AppStore|x86.Build.0 = Release|Any CPU
		{5ACBBAFD-193B-479E-ABFD-3E5B096D456F}.Debug|Any CPU.ActiveCfg = Debug|Any CPU
		{5ACBBAFD-193B-479E-ABFD-3E5B096D456F}.Debug|Any CPU.Build.0 = Debug|Any CPU
		{5ACBBAFD-193B-479E-ABFD-3E5B096D456F}.Debug|ARM.ActiveCfg = Debug|Any CPU
		{5ACBBAFD-193B-479E-ABFD-3E5B096D456F}.Debug|ARM.Build.0 = Debug|Any CPU
		{5ACBBAFD-193B-479E-ABFD-3E5B096D456F}.Debug|iPhone.ActiveCfg = Debug|Any CPU
		{5ACBBAFD-193B-479E-ABFD-3E5B096D456F}.Debug|iPhone.Build.0 = Debug|Any CPU
		{5ACBBAFD-193B-479E-ABFD-3E5B096D456F}.Debug|iPhoneSimulator.ActiveCfg = Debug|Any CPU
		{5ACBBAFD-193B-479E-ABFD-3E5B096D456F}.Debug|iPhoneSimulator.Build.0 = Debug|Any CPU
		{5ACBBAFD-193B-479E-ABFD-3E5B096D456F}.Debug|x64.ActiveCfg = Debug|Any CPU
		{5ACBBAFD-193B-479E-ABFD-3E5B096D456F}.Debug|x64.Build.0 = Debug|Any CPU
		{5ACBBAFD-193B-479E-ABFD-3E5B096D456F}.Debug|x86.ActiveCfg = Debug|Any CPU
		{5ACBBAFD-193B-479E-ABFD-3E5B096D456F}.Debug|x86.Build.0 = Debug|Any CPU
		{5ACBBAFD-193B-479E-ABFD-3E5B096D456F}.Release|Any CPU.ActiveCfg = Release|Any CPU
		{5ACBBAFD-193B-479E-ABFD-3E5B096D456F}.Release|Any CPU.Build.0 = Release|Any CPU
		{5ACBBAFD-193B-479E-ABFD-3E5B096D456F}.Release|ARM.ActiveCfg = Release|Any CPU
		{5ACBBAFD-193B-479E-ABFD-3E5B096D456F}.Release|ARM.Build.0 = Release|Any CPU
		{5ACBBAFD-193B-479E-ABFD-3E5B096D456F}.Release|iPhone.ActiveCfg = Release|Any CPU
		{5ACBBAFD-193B-479E-ABFD-3E5B096D456F}.Release|iPhone.Build.0 = Release|Any CPU
		{5ACBBAFD-193B-479E-ABFD-3E5B096D456F}.Release|iPhoneSimulator.ActiveCfg = Release|Any CPU
		{5ACBBAFD-193B-479E-ABFD-3E5B096D456F}.Release|iPhoneSimulator.Build.0 = Release|Any CPU
		{5ACBBAFD-193B-479E-ABFD-3E5B096D456F}.Release|x64.ActiveCfg = Release|Any CPU
		{5ACBBAFD-193B-479E-ABFD-3E5B096D456F}.Release|x64.Build.0 = Release|Any CPU
		{5ACBBAFD-193B-479E-ABFD-3E5B096D456F}.Release|x86.ActiveCfg = Release|Any CPU
		{5ACBBAFD-193B-479E-ABFD-3E5B096D456F}.Release|x86.Build.0 = Release|Any CPU
		{4EA8E59E-97D2-45F7-8DBB-DB6AEF1EFA1F}.Ad-Hoc|Any CPU.ActiveCfg = Release|Any CPU
		{4EA8E59E-97D2-45F7-8DBB-DB6AEF1EFA1F}.Ad-Hoc|Any CPU.Build.0 = Release|Any CPU
		{4EA8E59E-97D2-45F7-8DBB-DB6AEF1EFA1F}.Ad-Hoc|ARM.ActiveCfg = Release|Any CPU
		{4EA8E59E-97D2-45F7-8DBB-DB6AEF1EFA1F}.Ad-Hoc|ARM.Build.0 = Release|Any CPU
		{4EA8E59E-97D2-45F7-8DBB-DB6AEF1EFA1F}.Ad-Hoc|iPhone.ActiveCfg = Release|Any CPU
		{4EA8E59E-97D2-45F7-8DBB-DB6AEF1EFA1F}.Ad-Hoc|iPhone.Build.0 = Release|Any CPU
		{4EA8E59E-97D2-45F7-8DBB-DB6AEF1EFA1F}.Ad-Hoc|iPhoneSimulator.ActiveCfg = Release|Any CPU
		{4EA8E59E-97D2-45F7-8DBB-DB6AEF1EFA1F}.Ad-Hoc|iPhoneSimulator.Build.0 = Release|Any CPU
		{4EA8E59E-97D2-45F7-8DBB-DB6AEF1EFA1F}.Ad-Hoc|x64.ActiveCfg = Release|Any CPU
		{4EA8E59E-97D2-45F7-8DBB-DB6AEF1EFA1F}.Ad-Hoc|x64.Build.0 = Release|Any CPU
		{4EA8E59E-97D2-45F7-8DBB-DB6AEF1EFA1F}.Ad-Hoc|x86.ActiveCfg = Release|Any CPU
		{4EA8E59E-97D2-45F7-8DBB-DB6AEF1EFA1F}.Ad-Hoc|x86.Build.0 = Release|Any CPU
		{4EA8E59E-97D2-45F7-8DBB-DB6AEF1EFA1F}.AppStore|Any CPU.ActiveCfg = Release|Any CPU
		{4EA8E59E-97D2-45F7-8DBB-DB6AEF1EFA1F}.AppStore|Any CPU.Build.0 = Release|Any CPU
		{4EA8E59E-97D2-45F7-8DBB-DB6AEF1EFA1F}.AppStore|ARM.ActiveCfg = Release|Any CPU
		{4EA8E59E-97D2-45F7-8DBB-DB6AEF1EFA1F}.AppStore|ARM.Build.0 = Release|Any CPU
		{4EA8E59E-97D2-45F7-8DBB-DB6AEF1EFA1F}.AppStore|iPhone.ActiveCfg = Release|Any CPU
		{4EA8E59E-97D2-45F7-8DBB-DB6AEF1EFA1F}.AppStore|iPhone.Build.0 = Release|Any CPU
		{4EA8E59E-97D2-45F7-8DBB-DB6AEF1EFA1F}.AppStore|iPhoneSimulator.ActiveCfg = Release|Any CPU
		{4EA8E59E-97D2-45F7-8DBB-DB6AEF1EFA1F}.AppStore|iPhoneSimulator.Build.0 = Release|Any CPU
		{4EA8E59E-97D2-45F7-8DBB-DB6AEF1EFA1F}.AppStore|x64.ActiveCfg = Release|Any CPU
		{4EA8E59E-97D2-45F7-8DBB-DB6AEF1EFA1F}.AppStore|x64.Build.0 = Release|Any CPU
		{4EA8E59E-97D2-45F7-8DBB-DB6AEF1EFA1F}.AppStore|x86.ActiveCfg = Release|Any CPU
		{4EA8E59E-97D2-45F7-8DBB-DB6AEF1EFA1F}.AppStore|x86.Build.0 = Release|Any CPU
		{4EA8E59E-97D2-45F7-8DBB-DB6AEF1EFA1F}.Debug|Any CPU.ActiveCfg = Debug|Any CPU
		{4EA8E59E-97D2-45F7-8DBB-DB6AEF1EFA1F}.Debug|Any CPU.Build.0 = Debug|Any CPU
		{4EA8E59E-97D2-45F7-8DBB-DB6AEF1EFA1F}.Debug|ARM.ActiveCfg = Debug|Any CPU
		{4EA8E59E-97D2-45F7-8DBB-DB6AEF1EFA1F}.Debug|ARM.Build.0 = Debug|Any CPU
		{4EA8E59E-97D2-45F7-8DBB-DB6AEF1EFA1F}.Debug|iPhone.ActiveCfg = Debug|Any CPU
		{4EA8E59E-97D2-45F7-8DBB-DB6AEF1EFA1F}.Debug|iPhone.Build.0 = Debug|Any CPU
		{4EA8E59E-97D2-45F7-8DBB-DB6AEF1EFA1F}.Debug|iPhoneSimulator.ActiveCfg = Debug|Any CPU
		{4EA8E59E-97D2-45F7-8DBB-DB6AEF1EFA1F}.Debug|iPhoneSimulator.Build.0 = Debug|Any CPU
		{4EA8E59E-97D2-45F7-8DBB-DB6AEF1EFA1F}.Debug|x64.ActiveCfg = Debug|Any CPU
		{4EA8E59E-97D2-45F7-8DBB-DB6AEF1EFA1F}.Debug|x64.Build.0 = Debug|Any CPU
		{4EA8E59E-97D2-45F7-8DBB-DB6AEF1EFA1F}.Debug|x86.ActiveCfg = Debug|Any CPU
		{4EA8E59E-97D2-45F7-8DBB-DB6AEF1EFA1F}.Debug|x86.Build.0 = Debug|Any CPU
		{4EA8E59E-97D2-45F7-8DBB-DB6AEF1EFA1F}.Release|Any CPU.ActiveCfg = Release|Any CPU
		{4EA8E59E-97D2-45F7-8DBB-DB6AEF1EFA1F}.Release|Any CPU.Build.0 = Release|Any CPU
		{4EA8E59E-97D2-45F7-8DBB-DB6AEF1EFA1F}.Release|ARM.ActiveCfg = Release|Any CPU
		{4EA8E59E-97D2-45F7-8DBB-DB6AEF1EFA1F}.Release|ARM.Build.0 = Release|Any CPU
		{4EA8E59E-97D2-45F7-8DBB-DB6AEF1EFA1F}.Release|iPhone.ActiveCfg = Release|Any CPU
		{4EA8E59E-97D2-45F7-8DBB-DB6AEF1EFA1F}.Release|iPhone.Build.0 = Release|Any CPU
		{4EA8E59E-97D2-45F7-8DBB-DB6AEF1EFA1F}.Release|iPhoneSimulator.ActiveCfg = Release|Any CPU
		{4EA8E59E-97D2-45F7-8DBB-DB6AEF1EFA1F}.Release|iPhoneSimulator.Build.0 = Release|Any CPU
		{4EA8E59E-97D2-45F7-8DBB-DB6AEF1EFA1F}.Release|x64.ActiveCfg = Release|Any CPU
		{4EA8E59E-97D2-45F7-8DBB-DB6AEF1EFA1F}.Release|x64.Build.0 = Release|Any CPU
		{4EA8E59E-97D2-45F7-8DBB-DB6AEF1EFA1F}.Release|x86.ActiveCfg = Release|Any CPU
		{4EA8E59E-97D2-45F7-8DBB-DB6AEF1EFA1F}.Release|x86.Build.0 = Release|Any CPU
	EndGlobalSection
	GlobalSection(SolutionProperties) = preSolution
		HideSolutionNode = FALSE
	EndGlobalSection
	GlobalSection(NestedProjects) = preSolution
		{42C10A9B-01EE-4A06-A676-BB80FE301DCD} = {8D040985-326B-4D6D-8C5F-3F3700C9010E}
		{84B63230-7493-4B47-ABB6-77C974AD8894} = {8D040985-326B-4D6D-8C5F-3F3700C9010E}
		{E7A77368-750A-4DA1-9F94-97E6ABDFBF9E} = {8D040985-326B-4D6D-8C5F-3F3700C9010E}
		{ADDC3869-3ABE-4024-866F-43C7F1E37AB8} = {00A06250-A9C3-48A1-84B0-72B49B0912D6}
		{E4E7B3D2-2DFA-4E27-B4BB-FADC3D0A9D19} = {275AA63D-5C99-4228-923B-7BBBE512BB0B}
		{5ACBBAFD-193B-479E-ABFD-3E5B096D456F} = {275AA63D-5C99-4228-923B-7BBBE512BB0B}
		{4EA8E59E-97D2-45F7-8DBB-DB6AEF1EFA1F} = {DAFAE370-D380-449F-B90D-75319B913C4A}
	EndGlobalSection
EndGlobal
